// !$*UTF8*$!
{
	archiveVersion = 1;
	classes = {
	};
	objectVersion = 77;
	objects = {

/* Begin PBXContainerItemProxy section */
		AACED2F930004BEC001F9909 /* PBXContainerItemProxy */ = {
			isa = PBXContainerItemProxy;
			containerPortal = AACED2E330004BEB001F9909 /* Project object */;
			proxyType = 1;
			remoteGlobalIDString = AACED2EA30004BEB001F9909;
			remoteInfo = CopyLasso;
		};
		AACED30330004BEC001F9909 /* PBXContainerItemProxy */ = {
			isa = PBXContainerItemProxy;
			containerPortal = AACED2E330004BEB001F9909 /* Project object */;
			proxyType = 1;
			remoteGlobalIDString = AACED2EA30004BEB001F9909;
			remoteInfo = CopyLasso;
		};
/* End PBXContainerItemProxy section */

/* Begin PBXFileReference section */
		AACED2EB30004BEB001F9909 /* CopyLasso.app */ = {isa = PBXFileReference; explicitFileType = wrapper.application; includeInIndex = 0; path = CopyLasso.app; sourceTree = BUILT_PRODUCTS_DIR; };
		AACED2F830004BEC001F9909 /* CopyLassoTests.xctest */ = {isa = PBXFileReference; explicitFileType = wrapper.cfbundle; includeInIndex = 0; path = CopyLassoTests.xctest; sourceTree = BUILT_PRODUCTS_DIR; };
		AACED30230004BEC001F9909 /* CopyLassoUITests.xctest */ = {isa = PBXFileReference; explicitFileType = wrapper.cfbundle; includeInIndex = 0; path = CopyLassoUITests.xctest; sourceTree = BUILT_PRODUCTS_DIR; };
		C0A1A0013001000000000001 /* Shared.xcconfig */ = {isa = PBXFileReference; lastKnownFileType = text.xcconfig; path = Shared.xcconfig; sourceTree = "<group>"; };
/* End PBXFileReference section */

/* Begin PBXFileSystemSynchronizedRootGroup section */
		AACED2ED30004BEB001F9909 /* CopyLasso */ = {
			isa = PBXFileSystemSynchronizedRootGroup;
			path = CopyLasso;
			sourceTree = "<group>";
		};
		AACED2FB30004BEC001F9909 /* CopyLassoTests */ = {
			isa = PBXFileSystemSynchronizedRootGroup;
			path = CopyLassoTests;
			sourceTree = "<group>";
		};
		AACED30530004BEC001F9909 /* CopyLassoUITests */ = {
			isa = PBXFileSystemSynchronizedRootGroup;
			path = CopyLassoUITests;
			sourceTree = "<group>";
		};
/* End PBXFileSystemSynchronizedRootGroup section */

/* Begin PBXFrameworksBuildPhase section */
		AACED2E830004BEB001F9909 /* Frameworks */ = {
			isa = PBXFrameworksBuildPhase;
			buildActionMask = 2147483647;
			files = (
			);
			runOnlyForDeploymentPostprocessing = 0;
		};
		AACED2F530004BEC001F9909 /* Frameworks */ = {
			isa = PBXFrameworksBuildPhase;
			buildActionMask = 2147483647;
			files = (
			);
			runOnlyForDeploymentPostprocessing = 0;
		};
		AACED2FF30004BEC001F9909 /* Frameworks */ = {
			isa = PBXFrameworksBuildPhase;
			buildActionMask = 2147483647;
			files = (
			);
			runOnlyForDeploymentPostprocessing = 0;
		};
/* End PBXFrameworksBuildPhase section */

/* Begin PBXGroup section */
		AACED2E230004BEB001F9909 = {
			isa = PBXGroup;
			children = (
				C0A1A0023001000000000002 /* Configuration */,
				AACED2ED30004BEB001F9909 /* CopyLasso */,
				AACED2FB30004BEC001F9909 /* CopyLassoTests */,
				AACED30530004BEC001F9909 /* CopyLassoUITests */,
				AACED2EC30004BEB001F9909 /* Products */,
			);
			sourceTree = "<group>";
		};
		AACED2EC30004BEB001F9909 /* Products */ = {
			isa = PBXGroup;
			children = (
				AACED2EB30004BEB001F9909 /* CopyLasso.app */,
				AACED2F830004BEC001F9909 /* CopyLassoTests.xctest */,
				AACED30230004BEC001F9909 /* CopyLassoUITests.xctest */,
			);
			name = Products;
			sourceTree = "<group>";
		};
		C0A1A0023001000000000002 /* Configuration */ = {
			isa = PBXGroup;
			children = (
				C0A1A0013001000000000001 /* Shared.xcconfig */,
			);
			path = Configuration;
			sourceTree = "<group>";
		};
/* End PBXGroup section */

/* Begin PBXNativeTarget section */
		AACED2EA30004BEB001F9909 /* CopyLasso */ = {
			isa = PBXNativeTarget;
			buildConfigurationList = AACED30C30004BEC001F9909 /* Build configuration list for PBXNativeTarget "CopyLasso" */;
			buildPhases = (
				AACED2E730004BEB001F9909 /* Sources */,
				AACED2E830004BEB001F9909 /* Frameworks */,
				AACED2E930004BEB001F9909 /* Resources */,
			);
			buildRules = (
			);
			dependencies = (
			);
			fileSystemSynchronizedGroups = (
				AACED2ED30004BEB001F9909 /* CopyLasso */,
			);
			name = CopyLasso;
			packageProductDependencies = (
			);
			productName = CopyLasso;
			productReference = AACED2EB30004BEB001F9909 /* CopyLasso.app */;
			productType = "com.apple.product-type.application";
		};
		AACED2F730004BEC001F9909 /* CopyLassoTests */ = {
			isa = PBXNativeTarget;
			buildConfigurationList = AACED30F30004BEC001F9909 /* Build configuration list for PBXNativeTarget "CopyLassoTests" */;
			buildPhases = (
				AACED2F430004BEC001F9909 /* Sources */,
				AACED2F530004BEC001F9909 /* Frameworks */,
				AACED2F630004BEC001F9909 /* Resources */,
			);
			buildRules = (
			);
			dependencies = (
				AACED2FA30004BEC001F9909 /* PBXTargetDependency */,
			);
			fileSystemSynchronizedGroups = (
				AACED2FB30004BEC001F9909 /* CopyLassoTests */,
			);
			name = CopyLassoTests;
			packageProductDependencies = (
			);
			productName = CopyLassoTests;
			productReference = AACED2F830004BEC001F9909 /* CopyLassoTests.xctest */;
			productType = "com.apple.product-type.bundle.unit-test";
		};
		AACED30130004BEC001F9909 /* CopyLassoUITests */ = {
			isa = PBXNativeTarget;
			buildConfigurationList = AACED31230004BEC001F9909 /* Build configuration list for PBXNativeTarget "CopyLassoUITests" */;
			buildPhases = (
				AACED2FE30004BEC001F9909 /* Sources */,
				AACED2FF30004BEC001F9909 /* Frameworks */,
				AACED30030004BEC001F9909 /* Resources */,
			);
			buildRules = (
			);
			dependencies = (
				AACED30430004BEC001F9909 /* PBXTargetDependency */,
			);
			fileSystemSynchronizedGroups = (
				AACED30530004BEC001F9909 /* CopyLassoUITests */,
			);
			name = CopyLassoUITests;
			packageProductDependencies = (
			);
			productName = CopyLassoUITests;
			productReference = AACED30230004BEC001F9909 /* CopyLassoUITests.xctest */;
			productType = "com.apple.product-type.bundle.ui-testing";
		};
/* End PBXNativeTarget section */

/* Begin PBXProject section */
		AACED2E330004BEB001F9909 /* Project object */ = {
			isa = PBXProject;
			attributes = {
				BuildIndependentTargetsInParallel = 1;
				LastSwiftUpdateCheck = 2660;
				LastUpgradeCheck = 2660;
				TargetAttributes = {
					AACED2EA30004BEB001F9909 = {
						CreatedOnToolsVersion = 26.6;
					};
					AACED2F730004BEC001F9909 = {
						CreatedOnToolsVersion = 26.6;
						TestTargetID = AACED2EA30004BEB001F9909;
					};
					AACED30130004BEC001F9909 = {
						CreatedOnToolsVersion = 26.6;
						TestTargetID = AACED2EA30004BEB001F9909;
					};
				};
			};
			buildConfigurationList = AACED2E630004BEB001F9909 /* Build configuration list for PBXProject "CopyLasso" */;
			developmentRegion = en;
			hasScannedForEncodings = 0;
			knownRegions = (
				en,
				Base,
			);
			mainGroup = AACED2E230004BEB001F9909;
			minimizedProjectReferenceProxies = 1;
			preferredProjectObjectVersion = 77;
			productRefGroup = AACED2EC30004BEB001F9909 /* Products */;
			projectDirPath = "";
			projectRoot = "";
			targets = (
				AACED2EA30004BEB001F9909 /* CopyLasso */,
				AACED2F730004BEC001F9909 /* CopyLassoTests */,
				AACED30130004BEC001F9909 /* CopyLassoUITests */,
			);
		};
/* End PBXProject section */

/* Begin PBXResourcesBuildPhase section */
		AACED2E930004BEB001F9909 /* Resources */ = {
			isa = PBXResourcesBuildPhase;
			buildActionMask = 2147483647;
			files = (
			);
			runOnlyForDeploymentPostprocessing = 0;
		};
		AACED2F630004BEC001F9909 /* Resources */ = {
			isa = PBXResourcesBuildPhase;
			buildActionMask = 2147483647;
			files = (
			);
			runOnlyForDeploymentPostprocessing = 0;
		};
		AACED30030004BEC001F9909 /* Resources */ = {
			isa = PBXResourcesBuildPhase;
			buildActionMask = 2147483647;
			files = (
			);
			runOnlyForDeploymentPostprocessing = 0;
		};
/* End PBXResourcesBuildPhase section */

/* Begin PBXSourcesBuildPhase section */
		AACED2E730004BEB001F9909 /* Sources */ = {
			isa = PBXSourcesBuildPhase;
			buildActionMask = 2147483647;
			files = (
			);
			runOnlyForDeploymentPostprocessing = 0;
		};
		AACED2F430004BEC001F9909 /* Sources */ = {
			isa = PBXSourcesBuildPhase;
			buildActionMask = 2147483647;
			files = (
			);
			runOnlyForDeploymentPostprocessing = 0;
		};
		AACED2FE30004BEC001F9909 /* Sources */ = {
			isa = PBXSourcesBuildPhase;
			buildActionMask = 2147483647;
			files = (
			);
			runOnlyForDeploymentPostprocessing = 0;
		};
/* End PBXSourcesBuildPhase section */

/* Begin PBXTargetDependency section */
		AACED2FA30004BEC001F9909 /* PBXTargetDependency */ = {
			isa = PBXTargetDependency;
			target = AACED2EA30004BEB001F9909 /* CopyLasso */;
			targetProxy = AACED2F930004BEC001F9909 /* PBXContainerItemProxy */;
		};
		AACED30430004BEC001F9909 /* PBXTargetDependency */ = {
			isa = PBXTargetDependency;
			target = AACED2EA30004BEB001F9909 /* CopyLasso */;
			targetProxy = AACED30330004BEC001F9909 /* PBXContainerItemProxy */;
		};
/* End PBXTargetDependency section */

/* Begin XCBuildConfiguration section */
		AACED30A30004BEC001F9909 /* Debug */ = {
			isa = XCBuildConfiguration;
			baseConfigurationReference = C0A1A0013001000000000001 /* Shared.xcconfig */;
			buildSettings = {
				ALWAYS_SEARCH_USER_PATHS = NO;
				ASSETCATALOG_COMPILER_GENERATE_SWIFT_ASSET_SYMBOL_EXTENSIONS = YES;
				CLANG_ANALYZER_NONNULL = YES;
				CLANG_ANALYZER_NUMBER_OBJECT_CONVERSION = YES_AGGRESSIVE;
				CLANG_CXX_LANGUAGE_STANDARD = "gnu++20";
				CLANG_ENABLE_MODULES = YES;
				CLANG_ENABLE_OBJC_ARC = YES;
				CLANG_ENABLE_OBJC_WEAK = YES;
				CLANG_WARN_BLOCK_CAPTURE_AUTORELEASING = YES;
				CLANG_WARN_BOOL_CONVERSION = YES;
				CLANG_WARN_COMMA = YES;
				CLANG_WARN_CONSTANT_CONVERSION = YES;
				CLANG_WARN_DEPRECATED_OBJC_IMPLEMENTATIONS = YES;
				CLANG_WARN_DIRECT_OBJC_ISA_USAGE = YES_ERROR;
				CLANG_WARN_DOCUMENTATION_COMMENTS = YES;
				CLANG_WARN_EMPTY_BODY = YES;
				CLANG_WARN_ENUM_CONVERSION = YES;
				CLANG_WARN_INFINITE_RECURSION = YES;
				CLANG_WARN_INT_CONVERSION = YES;
				CLANG_WARN_NON_LITERAL_NULL_CONVERSION = YES;
				CLANG_WARN_OBJC_IMPLICIT_RETAIN_SELF = YES;
				CLANG_WARN_OBJC_LITERAL_CONVERSION = YES;
				CLANG_WARN_OBJC_ROOT_CLASS = YES_ERROR;
				CLANG_WARN_QUOTED_INCLUDE_IN_FRAMEWORK_HEADER = YES;
				CLANG_WARN_RANGE_LOOP_ANALYSIS = YES;
				CLANG_WARN_STRICT_PROTOTYPES = YES;
				CLANG_WARN_SUSPICIOUS_MOVE = YES;
				CLANG_WARN_UNGUARDED_AVAILABILITY = YES_AGGRESSIVE;
				CLANG_WARN_UNREACHABLE_CODE = YES;
				CLANG_WARN__DUPLICATE_METHOD_MATCH = YES;
				COPY_PHASE_STRIP = NO;
				DEBUG_INFORMATION_FORMAT = dwarf;
				ENABLE_STRICT_OBJC_MSGSEND = YES;
				ENABLE_TESTABILITY = YES;
				ENABLE_USER_SCRIPT_SANDBOXING = YES;
				GCC_C_LANGUAGE_STANDARD = gnu17;
				GCC_DYNAMIC_NO_PIC = NO;
				GCC_NO_COMMON_BLOCKS = YES;
				GCC_OPTIMIZATION_LEVEL = 0;
				GCC_PREPROCESSOR_DEFINITIONS = (
					"DEBUG=1",
					"$(inherited)",
				);
				GCC_TREAT_WARNINGS_AS_ERRORS = YES;
				GCC_WARN_64_TO_32_BIT_CONVERSION = YES;
				GCC_WARN_ABOUT_RETURN_TYPE = YES_ERROR;
				GCC_WARN_UNDECLARED_SELECTOR = YES;
				GCC_WARN_UNINITIALIZED_AUTOS = YES_AGGRESSIVE;
				GCC_WARN_UNUSED_FUNCTION = YES;
				GCC_WARN_UNUSED_VARIABLE = YES;
				LOCALIZATION_PREFERS_STRING_CATALOGS = YES;
				MACOSX_DEPLOYMENT_TARGET = 14.0;
				MTL_ENABLE_DEBUG_INFO = INCLUDE_SOURCE;
				MTL_FAST_MATH = YES;
				ONLY_ACTIVE_ARCH = YES;
				SDKROOT = macosx;
				SWIFT_ACTIVE_COMPILATION_CONDITIONS = "DEBUG $(inherited)";
				SWIFT_OPTIMIZATION_LEVEL = "-Onone";
				SWIFT_TREAT_WARNINGS_AS_ERRORS = YES;
			};
			name = Debug;
		};
		AACED30B30004BEC001F9909 /* Release */ = {
			isa = XCBuildConfiguration;
			baseConfigurationReference = C0A1A0013001000000000001 /* Shared.xcconfig */;
			buildSettings = {
				ALWAYS_SEARCH_USER_PATHS = NO;
				ARCHS = (
					arm64,
					x86_64,
				);
				ASSETCATALOG_COMPILER_GENERATE_SWIFT_ASSET_SYMBOL_EXTENSIONS = YES;
				CLANG_ANALYZER_NONNULL = YES;
				CLANG_ANALYZER_NUMBER_OBJECT_CONVERSION = YES_AGGRESSIVE;
				CLANG_CXX_LANGUAGE_STANDARD = "gnu++20";
				CLANG_ENABLE_MODULES = YES;
				CLANG_ENABLE_OBJC_ARC = YES;
				CLANG_ENABLE_OBJC_WEAK = YES;
				CLANG_WARN_BLOCK_CAPTURE_AUTORELEASING = YES;
				CLANG_WARN_BOOL_CONVERSION = YES;
				CLANG_WARN_COMMA = YES;
				CLANG_WARN_CONSTANT_CONVERSION = YES;
				CLANG_WARN_DEPRECATED_OBJC_IMPLEMENTATIONS = YES;
				CLANG_WARN_DIRECT_OBJC_ISA_USAGE = YES_ERROR;
				CLANG_WARN_DOCUMENTATION_COMMENTS = YES;
				CLANG_WARN_EMPTY_BODY = YES;
				CLANG_WARN_ENUM_CONVERSION = YES;
				CLANG_WARN_INFINITE_RECURSION = YES;
				CLANG_WARN_INT_CONVERSION = YES;
				CLANG_WARN_NON_LITERAL_NULL_CONVERSION = YES;
				CLANG_WARN_OBJC_IMPLICIT_RETAIN_SELF = YES;
				CLANG_WARN_OBJC_LITERAL_CONVERSION = YES;
				CLANG_WARN_OBJC_ROOT_CLASS = YES_ERROR;
				CLANG_WARN_QUOTED_INCLUDE_IN_FRAMEWORK_HEADER = YES;
				CLANG_WARN_RANGE_LOOP_ANALYSIS = YES;
				CLANG_WARN_STRICT_PROTOTYPES = YES;
				CLANG_WARN_SUSPICIOUS_MOVE = YES;
				CLANG_WARN_UNGUARDED_AVAILABILITY = YES_AGGRESSIVE;
				CLANG_WARN_UNREACHABLE_CODE = YES;
				CLANG_WARN__DUPLICATE_METHOD_MATCH = YES;
				COPY_PHASE_STRIP = NO;
				DEBUG_INFORMATION_FORMAT = "dwarf-with-dsym";
				ENABLE_NS_ASSERTIONS = NO;
				ENABLE_STRICT_OBJC_MSGSEND = YES;
				ENABLE_USER_SCRIPT_SANDBOXING = YES;
				GCC_C_LANGUAGE_STANDARD = gnu17;
				GCC_NO_COMMON_BLOCKS = YES;
				GCC_TREAT_WARNINGS_AS_ERRORS = YES;
				GCC_WARN_64_TO_32_BIT_CONVERSION = YES;
				GCC_WARN_ABOUT_RETURN_TYPE = YES_ERROR;
				GCC_WARN_UNDECLARED_SELECTOR = YES;
				GCC_WARN_UNINITIALIZED_AUTOS = YES_AGGRESSIVE;
				GCC_WARN_UNUSED_FUNCTION = YES;
				GCC_WARN_UNUSED_VARIABLE = YES;
				LOCALIZATION_PREFERS_STRING_CATALOGS = YES;
				MACOSX_DEPLOYMENT_TARGET = 14.0;
				MTL_ENABLE_DEBUG_INFO = NO;
				MTL_FAST_MATH = YES;
				ONLY_ACTIVE_ARCH = NO;
				SDKROOT = macosx;
				SWIFT_COMPILATION_MODE = wholemodule;
				SWIFT_TREAT_WARNINGS_AS_ERRORS = YES;
			};
			name = Release;
		};
		AACED30D30004BEC001F9909 /* Debug */ = {
			isa = XCBuildConfiguration;
			buildSettings = {
				ASSETCATALOG_COMPILER_APPICON_NAME = AppIcon;
				ASSETCATALOG_COMPILER_GLOBAL_ACCENT_COLOR_NAME = AccentColor;
				COMBINE_HIDPI_IMAGES = YES;
				CURRENT_PROJECT_VERSION = 1;
				ENABLE_APP_SANDBOX = YES;
				ENABLE_HARDENED_RUNTIME = YES;
				ENABLE_PREVIEWS = YES;
				GENERATE_INFOPLIST_FILE = YES;
				INFOPLIST_KEY_NSHumanReadableCopyright = "Copyright © 2026 Bennett Hilberg. All rights reserved.";
				LD_RUNPATH_SEARCH_PATHS = (
					"$(inherited)",
					"@executable_path/../Frameworks",
				);
				MACOSX_DEPLOYMENT_TARGET = 14.0;
				MARKETING_VERSION = 0.1.0;
				PRODUCT_BUNDLE_IDENTIFIER = io.github.bennetthilberg.copylasso.debug;
				PRODUCT_NAME = "$(TARGET_NAME)";
				REGISTER_APP_GROUPS = NO;
				STRING_CATALOG_GENERATE_SYMBOLS = YES;
				SWIFT_EMIT_LOC_STRINGS = YES;
				SWIFT_STRICT_CONCURRENCY = complete;
				SWIFT_TREAT_WARNINGS_AS_ERRORS = YES;
				SWIFT_UPCOMING_FEATURE_MEMBER_IMPORT_VISIBILITY = YES;
				SWIFT_VERSION = 6.0;
			};
			name = Debug;
		};
		AACED30E30004BEC001F9909 /* Release */ = {
			isa = XCBuildConfiguration;
			buildSettings = {
				ASSETCATALOG_COMPILER_APPICON_NAME = AppIcon;
				ASSETCATALOG_COMPILER_GLOBAL_ACCENT_COLOR_NAME = AccentColor;
				COMBINE_HIDPI_IMAGES = YES;
				CURRENT_PROJECT_VERSION = 1;
				ENABLE_APP_SANDBOX = YES;
				ENABLE_HARDENED_RUNTIME = YES;
				ENABLE_PREVIEWS = YES;
				EXCLUDED_SOURCE_FILE_NAMES = (
					ScreenCaptureSpike.swift,
					ScreenCaptureSpikeView.swift,
					SelectionGeometry.swift,
					SelectionOverlayController.swift,
					SelectionOverlaySpikeView.swift,
				);
				GENERATE_INFOPLIST_FILE = YES;
				INFOPLIST_KEY_NSHumanReadableCopyright = "Copyright © 2026 Bennett Hilberg. All rights reserved.";
				LD_RUNPATH_SEARCH_PATHS = (
					"$(inherited)",
					"@executable_path/../Frameworks",
				);
				MACOSX_DEPLOYMENT_TARGET = 14.0;
				MARKETING_VERSION = 0.1.0;
				PRODUCT_BUNDLE_IDENTIFIER = io.github.bennetthilberg.copylasso;
				PRODUCT_NAME = "$(TARGET_NAME)";
				REGISTER_APP_GROUPS = NO;
				STRING_CATALOG_GENERATE_SYMBOLS = YES;
				SWIFT_EMIT_LOC_STRINGS = YES;
				SWIFT_STRICT_CONCURRENCY = complete;
				SWIFT_TREAT_WARNINGS_AS_ERRORS = YES;
				SWIFT_UPCOMING_FEATURE_MEMBER_IMPORT_VISIBILITY = YES;
				SWIFT_VERSION = 6.0;
			};
			name = Release;
		};
		AACED31030004BEC001F9909 /* Debug */ = {
			isa = XCBuildConfiguration;
			buildSettings = {
				BUNDLE_LOADER = "$(TEST_HOST)";
				CURRENT_PROJECT_VERSION = 1;
				GENERATE_INFOPLIST_FILE = YES;
				MACOSX_DEPLOYMENT_TARGET = 14.0;
				MARKETING_VERSION = 0.1.0;
				PRODUCT_BUNDLE_IDENTIFIER = io.github.bennetthilberg.copylasso.tests;
				PRODUCT_NAME = "$(TARGET_NAME)";
				STRING_CATALOG_GENERATE_SYMBOLS = NO;
				SWIFT_EMIT_LOC_STRINGS = NO;
				SWIFT_STRICT_CONCURRENCY = complete;
				SWIFT_TREAT_WARNINGS_AS_ERRORS = YES;
				SWIFT_UPCOMING_FEATURE_MEMBER_IMPORT_VISIBILITY = YES;
				SWIFT_VERSION = 6.0;
				TEST_HOST = "$(BUILT_PRODUCTS_DIR)/CopyLasso.app/$(BUNDLE_EXECUTABLE_FOLDER_PATH)/CopyLasso";
			};
			name = Debug;
		};
		AACED31130004BEC001F9909 /* Release */ = {
			isa = XCBuildConfiguration;
			buildSettings = {
				BUNDLE_LOADER = "$(TEST_HOST)";
				CURRENT_PROJECT_VERSION = 1;
				GENERATE_INFOPLIST_FILE = YES;
				MACOSX_DEPLOYMENT_TARGET = 14.0;
				MARKETING_VERSION = 0.1.0;
				PRODUCT_BUNDLE_IDENTIFIER = io.github.bennetthilberg.copylasso.tests;
				PRODUCT_NAME = "$(TARGET_NAME)";
				STRING_CATALOG_GENERATE_SYMBOLS = NO;
				SWIFT_EMIT_LOC_STRINGS = NO;
				SWIFT_STRICT_CONCURRENCY = complete;
				SWIFT_TREAT_WARNINGS_AS_ERRORS = YES;
				SWIFT_UPCOMING_FEATURE_MEMBER_IMPORT_VISIBILITY = YES;
				SWIFT_VERSION = 6.0;
				TEST_HOST = "$(BUILT_PRODUCTS_DIR)/CopyLasso.app/$(BUNDLE_EXECUTABLE_FOLDER_PATH)/CopyLasso";
			};
			name = Release;
		};
		AACED31330004BEC001F9909 /* Debug */ = {
			isa = XCBuildConfiguration;
			buildSettings = {
				CURRENT_PROJECT_VERSION = 1;
				GENERATE_INFOPLIST_FILE = YES;
				MACOSX_DEPLOYMENT_TARGET = 14.0;
				MARKETING_VERSION = 0.1.0;
				PRODUCT_BUNDLE_IDENTIFIER = io.github.bennetthilberg.copylasso.uitests;
				PRODUCT_NAME = "$(TARGET_NAME)";
				STRING_CATALOG_GENERATE_SYMBOLS = NO;
				SWIFT_EMIT_LOC_STRINGS = NO;
				SWIFT_STRICT_CONCURRENCY = complete;
				SWIFT_TREAT_WARNINGS_AS_ERRORS = YES;
				SWIFT_UPCOMING_FEATURE_MEMBER_IMPORT_VISIBILITY = YES;
				SWIFT_VERSION = 6.0;
				TEST_TARGET_NAME = CopyLasso;
			};
			name = Debug;
		};
		AACED31430004BEC001F9909 /* Release */ = {
			isa = XCBuildConfiguration;
			buildSettings = {
				CURRENT_PROJECT_VERSION = 1;
				GENERATE_INFOPLIST_FILE = YES;
				MACOSX_DEPLOYMENT_TARGET = 14.0;
				MARKETING_VERSION = 0.1.0;
				PRODUCT_BUNDLE_IDENTIFIER = io.github.bennetthilberg.copylasso.uitests;
				PRODUCT_NAME = "$(TARGET_NAME)";
				STRING_CATALOG_GENERATE_SYMBOLS = NO;
				SWIFT_EMIT_LOC_STRINGS = NO;
				SWIFT_STRICT_CONCURRENCY = complete;
				SWIFT_TREAT_WARNINGS_AS_ERRORS = YES;
				SWIFT_UPCOMING_FEATURE_MEMBER_IMPORT_VISIBILITY = YES;
				SWIFT_VERSION = 6.0;
				TEST_TARGET_NAME = CopyLasso;
			};
			name = Release;
		};
/* End XCBuildConfiguration section */

/* Begin XCConfigurationList section */
		AACED2E630004BEB001F9909 /* Build configuration list for PBXProject "CopyLasso" */ = {
			isa = XCConfigurationList;
			buildConfigurations = (
				AACED30A30004BEC001F9909 /* Debug */,
				AACED30B30004BEC001F9909 /* Release */,
			);
			defaultConfigurationIsVisible = 0;
			defaultConfigurationName = Release;
		};
		AACED30C30004BEC001F9909 /* Build configuration list for PBXNativeTarget "CopyLasso" */ = {
			isa = XCConfigurationList;
			buildConfigurations = (
				AACED30D30004BEC001F9909 /* Debug */,
				AACED30E30004BEC001F9909 /* Release */,
			);
			defaultConfigurationIsVisible = 0;
			defaultConfigurationName = Release;
		};
		AACED30F30004BEC001F9909 /* Build configuration list for PBXNativeTarget "CopyLassoTests" */ = {
			isa = XCConfigurationList;
			buildConfigurations = (
				AACED31030004BEC001F9909 /* Debug */,
				AACED31130004BEC001F9909 /* Release */,
			);
			defaultConfigurationIsVisible = 0;
			defaultConfigurationName = Release;
		};
		AACED31230004BEC001F9909 /* Build configuration list for PBXNativeTarget "CopyLassoUITests" */ = {
			isa = XCConfigurationList;
			buildConfigurations = (
				AACED31330004BEC001F9909 /* Debug */,
				AACED31430004BEC001F9909 /* Release */,
			);
			defaultConfigurationIsVisible = 0;
			defaultConfigurationName = Release;
		};
/* End XCConfigurationList section */
	};
	rootObject = AACED2E330004BEB001F9909 /* Project object */;
}
